github.com/docker/libcontainer v2.2.1+incompatible h1:++SbbkCw+X8vAd4j2gOCzZ2Nn7s2xFALTf7LZKmM1/0=
github.com/docker/libcontainer v2.2.1+incompatible/go.mod h1:osvj61pYsqhNCMLGX31xr7klUBhHb/ZBuXS0o1Fvwbw=
github.com/matishsiao/go_reuseport v0.0.0-20140609025215-7f88524278ad h1:3DDkUys/HMqZaGBzpioV75Z9vp9KqDDTqXn3aEclYmY=
github.com/matishsiao/go_reuseport v0.0.0-20140609025215-7f88524278ad/go.mod h1:N+pvXboGXV169bhdsx+tIT+pIDfB+WCqNR6lozDBA14=
github.com/milosgajdos/tenus v0.0.3 h1:jmaJzwaY1DUyYVD0lM4U+uvP2kkEg1VahDqRFxIkVBE=
github.com/milosgajdos/tenus v0.0.3/go.mod h1:eIjx29vNeDOYWJuCnaHY2r4fq5egetV26ry3on7p8qY=
github.com/songgao/water v0.0.0-20200317203138-2b4b6d7c09d8 h1:TG/diQgUe0pntT/2D9tmUCz4VNwm9MfrtPr0SU2qSX8=
github.com/songgao/water v0.0.0-20200317203138-2b4b6d7c09d8/go.mod h1:P5HUIBuIWKbyjl083/loAegFkfbFNx5i2qEP4CNbm7E=
golang.org/x/net v0.35.0 h1:T5GQRQb2y08kTAByq9L4/bz8cipCdA8FbRTXewonqY8=
golang.org/x/net v0.35.0/go.mod h1:EglIi67kWsHKlRzzVMUD93VMSWGFOMSZgxFjparz1Qk=
golang.org/x/sys v0.30.0 h1:QjkSwP/36a20jFYWkSue1YwXzLmsV5Gfq7Eiy72C1uc=
golang.org/x/sys v0.30.0/go.mod h1:/VUhepiaJMQUp4+oa/7Zr1D23ma6VTLIYjOOTFZPUcA=
gopkg.in/gcfg.v1 v1.2.3 h1:m8OOJ4ccYHnx2f4gQwpno8nAX5OGOh7RLaaz0pj3Ogs=
gopkg.in/gcfg.v1 v1.2.3/go.mod h1:yesOnuUOFQAhST5vPY4nbZsb/huCgGGXlipJsBn0b3o=
gopkg.in/warnings.v0 v0.1.2 h1:wFXVbFY8DY5/xOe1ECiWdKCzZlxgshcYVNkBHstARME=
gopkg.in/warnings.v0 v0.1.2/go.mod h1:jksf8JmL6Qr/oQM2OXTHunEvvTAsrWBLb6OOjuVWRNI=
